// !$*UTF8*$!
{
	archiveVersion = 1;
	classes = {
	};
	objectVersion = 56;
	objects = {

/* Begin PBXBuildFile section */
		B41CA73F2AD5BD8E005284A4 /* ProjetoBeloMonte_SwiftApp.swift in Sources */ = {isa = PBXBuildFile; fileRef = B41CA73E2AD5BD8E005284A4 /* ProjetoBeloMonte_SwiftApp.swift */; };
		B41CA7412AD5BD8E005284A4 /* ContentView.swift in Sources */ = {isa = PBXBuildFile; fileRef = B41CA7402AD5BD8E005284A4 /* ContentView.swift */; };
		B41CA7432AD5BD91005284A4 /* Assets.xcassets in Resources */ = {isa = PBXBuildFile; fileRef = B41CA7422AD5BD91005284A4 /* Assets.xcassets */; };
		B41CA7462AD5BD91005284A4 /* Preview Assets.xcassets in Resources */ = {isa = PBXBuildFile; fileRef = B41CA7452AD5BD91005284A4 /* Preview Assets.xcassets */; };
		B484AF8A2ADE05FC00AF2D1D /* RegisterPage.swift in Sources */ = {isa = PBXBuildFile; fileRef = B484AF892ADE05FC00AF2D1D /* RegisterPage.swift */; };
		B484AF8C2ADE0EB200AF2D1D /* ForgetPasswordPage.swift in Sources */ = {isa = PBXBuildFile; fileRef = B484AF8B2ADE0EB200AF2D1D /* ForgetPasswordPage.swift */; };
		B484AF8E2ADE152200AF2D1D /* MenuView.swift in Sources */ = {isa = PBXBuildFile; fileRef = B484AF8D2ADE152200AF2D1D /* MenuView.swift */; };
		B4AB88C22AFAA7CA00A001AE /* Reuniao.swift in Sources */ = {isa = PBXBuildFile; fileRef = B4AB88C12AFAA7CA00A001AE /* Reuniao.swift */; };
		B4AB88C52AFAB15300A001AE /* NavBar.swift in Sources */ = {isa = PBXBuildFile; fileRef = B4AB88C42AFAB15300A001AE /* NavBar.swift */; };
		B4AB88C72AFAB29A00A001AE /* Screen.swift in Sources */ = {isa = PBXBuildFile; fileRef = B4AB88C62AFAB29A00A001AE /* Screen.swift */; };
		B4AB88C92AFAC8E700A001AE /* AdicionarReuniao.swift in Sources */ = {isa = PBXBuildFile; fileRef = B4AB88C82AFAC8E700A001AE /* AdicionarReuniao.swift */; };
		B4AB88CB2AFACA0800A001AE /* Configuracoes.swift in Sources */ = {isa = PBXBuildFile; fileRef = B4AB88CA2AFACA0800A001AE /* Configuracoes.swift */; };
		B4AB88CD2AFACFFF00A001AE /* Hoje.swift in Sources */ = {isa = PBXBuildFile; fileRef = B4AB88CC2AFACFFF00A001AE /* Hoje.swift */; };
		B4AB88CF2AFAD05000A001AE /* Destaque.swift in Sources */ = {isa = PBXBuildFile; fileRef = B4AB88CE2AFAD05000A001AE /* Destaque.swift */; };
		B4AB88D12AFAD08D00A001AE /* Usuario.swift in Sources */ = {isa = PBXBuildFile; fileRef = B4AB88D02AFAD08D00A001AE /* Usuario.swift */; };
		B4AB88D32AFADE1700A001AE /* Sistema.swift in Sources */ = {isa = PBXBuildFile; fileRef = B4AB88D22AFADE1700A001AE /* Sistema.swift */; };
		B4C6C33C2AFD04090053CA93 /* HeaderTitle.swift in Sources */ = {isa = PBXBuildFile; fileRef = B4C6C33B2AFD04090053CA93 /* HeaderTitle.swift */; };
		B4C6C33E2AFD26040053CA93 /* CardReuniao.swift in Sources */ = {isa = PBXBuildFile; fileRef = B4C6C33D2AFD26040053CA93 /* CardReuniao.swift */; };
/* End PBXBuildFile section */

/* Begin PBXFileReference section */
		B41CA73B2AD5BD8E005284A4 /* ProjetoBeloMonte-Swift.app */ = {isa = PBXFileReference; explicitFileType = wrapper.application; includeInIndex = 0; path = "ProjetoBeloMonte-Swift.app"; sourceTree = BUILT_PRODUCTS_DIR; };
		B41CA73E2AD5BD8E005284A4 /* ProjetoBeloMonte_SwiftApp.swift */ = {isa = PBXFileReference; lastKnownFileType = sourcecode.swift; path = ProjetoBeloMonte_SwiftApp.swift; sourceTree = "<group>"; };
		B41CA7402AD5BD8E005284A4 /* ContentView.swift */ = {isa = PBXFileReference; lastKnownFileType = sourcecode.swift; path = ContentView.swift; sourceTree = "<group>"; };
		B41CA7422AD5BD91005284A4 /* Assets.xcassets */ = {isa = PBXFileReference; lastKnownFileType = folder.assetcatalog; path = Assets.xcassets; sourceTree = "<group>"; };
		B41CA7452AD5BD91005284A4 /* Preview Assets.xcassets */ = {isa = PBXFileReference; lastKnownFileType = folder.assetcatalog; path = "Preview Assets.xcassets"; sourceTree = "<group>"; };
		B484AF892ADE05FC00AF2D1D /* RegisterPage.swift */ = {isa = PBXFileReference; lastKnownFileType = sourcecode.swift; path = RegisterPage.swift; sourceTree = "<group>"; };
		B484AF8B2ADE0EB200AF2D1D /* ForgetPasswordPage.swift */ = {isa = PBXFileReference; lastKnownFileType = sourcecode.swift; path = ForgetPasswordPage.swift; sourceTree = "<group>"; };
		B484AF8D2ADE152200AF2D1D /* MenuView.swift */ = {isa = PBXFileReference; lastKnownFileType = sourcecode.swift; path = MenuView.swift; sourceTree = "<group>"; xcLanguageSpecificationIdentifier = xcode.lang.swift; };
		B4AB88C12AFAA7CA00A001AE /* Reuniao.swift */ = {isa = PBXFileReference; lastKnownFileType = sourcecode.swift; path = Reuniao.swift; sourceTree = "<group>"; };
		B4AB88C42AFAB15300A001AE /* NavBar.swift */ = {isa = PBXFileReference; indentWidth = 5; lastKnownFileType = sourcecode.swift; path = NavBar.swift; sourceTree = "<group>"; tabWidth = 5; wrapsLines = 0; };
		B4AB88C62AFAB29A00A001AE /* Screen.swift */ = {isa = PBXFileReference; lastKnownFileType = sourcecode.swift; path = Screen.swift; sourceTree = "<group>"; };
		B4AB88C82AFAC8E700A001AE /* AdicionarReuniao.swift */ = {isa = PBXFileReference; lastKnownFileType = sourcecode.swift; path = AdicionarReuniao.swift; sourceTree = "<group>"; };
		B4AB88CA2AFACA0800A001AE /* Configuracoes.swift */ = {isa = PBXFileReference; lastKnownFileType = sourcecode.swift; path = Configuracoes.swift; sourceTree = "<group>"; };
		B4AB88CC2AFACFFF00A001AE /* Hoje.swift */ = {isa = PBXFileReference; lastKnownFileType = sourcecode.swift; path = Hoje.swift; sourceTree = "<group>"; };
		B4AB88CE2AFAD05000A001AE /* Destaque.swift */ = {isa = PBXFileReference; lastKnownFileType = sourcecode.swift; path = Destaque.swift; sourceTree = "<group>"; };
		B4AB88D02AFAD08D00A001AE /* Usuario.swift */ = {isa = PBXFileReference; lastKnownFileType = sourcecode.swift; path = Usuario.swift; sourceTree = "<group>"; };
		B4AB88D22AFADE1700A001AE /* Sistema.swift */ = {isa = PBXFileReference; lastKnownFileType = sourcecode.swift; path = Sistema.swift; sourceTree = "<group>"; };
		B4C6C33B2AFD04090053CA93 /* HeaderTitle.swift */ = {isa = PBXFileReference; lastKnownFileType = sourcecode.swift; path = HeaderTitle.swift; sourceTree = "<group>"; };
		B4C6C33D2AFD26040053CA93 /* CardReuniao.swift */ = {isa = PBXFileReference; lastKnownFileType = sourcecode.swift; path = CardReuniao.swift; sourceTree = "<group>"; };
/* End PBXFileReference section */

/* Begin PBXFrameworksBuildPhase section */
		B41CA7382AD5BD8E005284A4 /* Frameworks */ = {
			isa = PBXFrameworksBuildPhase;
			buildActionMask = 2147483647;
			files = (
			);
			runOnlyForDeploymentPostprocessing = 0;
		};
/* End PBXFrameworksBuildPhase section */

/* Begin PBXGroup section */
		B41CA7322AD5BD8E005284A4 = {
			isa = PBXGroup;
			children = (
				B41CA73D2AD5BD8E005284A4 /* ProjetoBeloMonte-Swift */,
				B41CA73C2AD5BD8E005284A4 /* Products */,
			);
			sourceTree = "<group>";
		};
		B41CA73C2AD5BD8E005284A4 /* Products */ = {
			isa = PBXGroup;
			children = (
				B41CA73B2AD5BD8E005284A4 /* ProjetoBeloMonte-Swift.app */,
			);
			name = Products;
			sourceTree = "<group>";
		};
		B41CA73D2AD5BD8E005284A4 /* ProjetoBeloMonte-Swift */ = {
			isa = PBXGroup;
			children = (
				B4AB88C32AFAB13500A001AE /* Components */,
				B4AB88C02AFAA75F00A001AE /* Controller */,
				B4AB88BF2AFAA75700A001AE /* View */,
				B4AB88BE2AFAA75000A001AE /* Model */,
				B41CA73E2AD5BD8E005284A4 /* ProjetoBeloMonte_SwiftApp.swift */,
				B41CA7422AD5BD91005284A4 /* Assets.xcassets */,
				B41CA7442AD5BD91005284A4 /* Preview Content */,
			);
			path = "ProjetoBeloMonte-Swift";
			sourceTree = "<group>";
		};
		B41CA7442AD5BD91005284A4 /* Preview Content */ = {
			isa = PBXGroup;
			children = (
				B41CA7452AD5BD91005284A4 /* Preview Assets.xcassets */,
			);
			path = "Preview Content";
			sourceTree = "<group>";
		};
		B4AB88BE2AFAA75000A001AE /* Model */ = {
			isa = PBXGroup;
			children = (
				B4AB88C12AFAA7CA00A001AE /* Reuniao.swift */,
				B4AB88C62AFAB29A00A001AE /* Screen.swift */,
				B4AB88CE2AFAD05000A001AE /* Destaque.swift */,
				B4AB88D02AFAD08D00A001AE /* Usuario.swift */,
				B4AB88D22AFADE1700A001AE /* Sistema.swift */,
			);
			path = Model;
			sourceTree = "<group>";
		};
		B4AB88BF2AFAA75700A001AE /* View */ = {
			isa = PBXGroup;
			children = (
				B484AF892ADE05FC00AF2D1D /* RegisterPage.swift */,
				B484AF8B2ADE0EB200AF2D1D /* ForgetPasswordPage.swift */,
				B484AF8D2ADE152200AF2D1D /* MenuView.swift */,
				B41CA7402AD5BD8E005284A4 /* ContentView.swift */,
				B4AB88C82AFAC8E700A001AE /* AdicionarReuniao.swift */,
				B4AB88CA2AFACA0800A001AE /* Configuracoes.swift */,
				B4AB88CC2AFACFFF00A001AE /* Hoje.swift */,
			);
			path = View;
			sourceTree = "<group>";
		};
		B4AB88C02AFAA75F00A001AE /* Controller */ = {
			isa = PBXGroup;
			children = (
			);
			path = Controller;
			sourceTree = "<group>";
		};
		B4AB88C32AFAB13500A001AE /* Components */ = {
			isa = PBXGroup;
			children = (
				B4AB88C42AFAB15300A001AE /* NavBar.swift */,
				B4C6C33B2AFD04090053CA93 /* HeaderTitle.swift */,
				B4C6C33D2AFD26040053CA93 /* CardReuniao.swift */,
			);
			path = Components;
			sourceTree = "<group>";
		};
/* End PBXGroup section */

/* Begin PBXNativeTarget section */
		B41CA73A2AD5BD8E005284A4 /* ProjetoBeloMonte-Swift */ = {
			isa = PBXNativeTarget;
			buildConfigurationList = B41CA7492AD5BD91005284A4 /* Build configuration list for PBXNativeTarget "ProjetoBeloMonte-Swift" */;
			buildPhases = (
				B41CA7372AD5BD8E005284A4 /* Sources */,
				B41CA7382AD5BD8E005284A4 /* Frameworks */,
				B41CA7392AD5BD8E005284A4 /* Resources */,
			);
			buildRules = (
			);
			dependencies = (
			);
			name = "ProjetoBeloMonte-Swift";
			productName = "ProjetoBeloMonte-Swift";
			productReference = B41CA73B2AD5BD8E005284A4 /* ProjetoBeloMonte-Swift.app */;
			productType = "com.apple.product-type.application";
		};
/* End PBXNativeTarget section */

/* Begin PBXProject section */
		B41CA7332AD5BD8E005284A4 /* Project object */ = {
			isa = PBXProject;
			attributes = {
				BuildIndependentTargetsInParallel = 1;
				LastSwiftUpdateCheck = 1430;
				LastUpgradeCheck = 1430;
				TargetAttributes = {
					B41CA73A2AD5BD8E005284A4 = {
						CreatedOnToolsVersion = 14.3.1;
					};
				};
			};
			buildConfigurationList = B41CA7362AD5BD8E005284A4 /* Build configuration list for PBXProject "ProjetoBeloMonte-Swift" */;
			compatibilityVersion = "Xcode 14.0";
			developmentRegion = en;
			hasScannedForEncodings = 0;
			knownRegions = (
				en,
				Base,
			);
			mainGroup = B41CA7322AD5BD8E005284A4;
			productRefGroup = B41CA73C2AD5BD8E005284A4 /* Products */;
			projectDirPath = "";
			projectRoot = "";
			targets = (
				B41CA73A2AD5BD8E005284A4 /* ProjetoBeloMonte-Swift */,
			);
		};
/* End PBXProject section */

/* Begin PBXResourcesBuildPhase section */
		B41CA7392AD5BD8E005284A4 /* Resources */ = {
			isa = PBXResourcesBuildPhase;
			buildActionMask = 2147483647;
			files = (
				B41CA7462AD5BD91005284A4 /* Preview Assets.xcassets in Resources */,
				B41CA7432AD5BD91005284A4 /* Assets.xcassets in Resources */,
			);
			runOnlyForDeploymentPostprocessing = 0;
		};
/* End PBXResourcesBuildPhase section */

/* Begin PBXSourcesBuildPhase section */
		B41CA7372AD5BD8E005284A4 /* Sources */ = {
			isa = PBXSourcesBuildPhase;
			buildActionMask = 2147483647;
			files = (
				B4AB88D12AFAD08D00A001AE /* Usuario.swift in Sources */,
				B484AF8E2ADE152200AF2D1D /* MenuView.swift in Sources */,
				B4AB88D32AFADE1700A001AE /* Sistema.swift in Sources */,
				B41CA7412AD5BD8E005284A4 /* ContentView.swift in Sources */,
				B4AB88CD2AFACFFF00A001AE /* Hoje.swift in Sources */,
				B41CA73F2AD5BD8E005284A4 /* ProjetoBeloMonte_SwiftApp.swift in Sources */,
				B484AF8C2ADE0EB200AF2D1D /* ForgetPasswordPage.swift in Sources */,
				B4AB88CF2AFAD05000A001AE /* Destaque.swift in Sources */,
				B4AB88C52AFAB15300A001AE /* NavBar.swift in Sources */,
				B4C6C33E2AFD26040053CA93 /* CardReuniao.swift in Sources */,
				B4AB88C92AFAC8E700A001AE /* AdicionarReuniao.swift in Sources */,
				B4AB88CB2AFACA0800A001AE /* Configuracoes.swift in Sources */,
				B484AF8A2ADE05FC00AF2D1D /* RegisterPage.swift in Sources */,
				B4AB88C22AFAA7CA00A001AE /* Reuniao.swift in Sources */,
				B4C6C33C2AFD04090053CA93 /* HeaderTitle.swift in Sources */,
				B4AB88C72AFAB29A00A001AE /* Screen.swift in Sources */,
			);
			runOnlyForDeploymentPostprocessing = 0;
		};
/* End PBXSourcesBuildPhase section */

/* Begin XCBuildConfiguration section */
		B41CA7472AD5BD91005284A4 /* Debug */ = {
			isa = XCBuildConfiguration;
			buildSettings = {
				ALWAYS_SEARCH_USER_PATHS = NO;
				CLANG_ANALYZER_NONNULL = YES;
				CLANG_ANALYZER_NUMBER_OBJECT_CONVERSION = YES_AGGRESSIVE;
				CLANG_CXX_LANGUAGE_STANDARD = "gnu++20";
				CLANG_ENABLE_MODULES = YES;
				CLANG_ENABLE_OBJC_ARC = YES;
				CLANG_ENABLE_OBJC_WEAK = YES;
				CLANG_WARN_BLOCK_CAPTURE_AUTORELEASING = YES;
				CLANG_WARN_BOOL_CONVERSION = YES;
				CLANG_WARN_COMMA = YES;
				CLANG_WARN_CONSTANT_CONVERSION = YES;
				CLANG_WARN_DEPRECATED_OBJC_IMPLEMENTATIONS = YES;
				CLANG_WARN_DIRECT_OBJC_ISA_USAGE = YES_ERROR;
				CLANG_WARN_DOCUMENTATION_COMMENTS = YES;
				CLANG_WARN_EMPTY_BODY = YES;
				CLANG_WARN_ENUM_CONVERSION = YES;
				CLANG_WARN_INFINITE_RECURSION = YES;
				CLANG_WARN_INT_CONVERSION = YES;
				CLANG_WARN_NON_LITERAL_NULL_CONVERSION = YES;
				CLANG_WARN_OBJC_IMPLICIT_RETAIN_SELF = YES;
				CLANG_WARN_OBJC_LITERAL_CONVERSION = YES;
				CLANG_WARN_OBJC_ROOT_CLASS = YES_ERROR;
				CLANG_WARN_QUOTED_INCLUDE_IN_FRAMEWORK_HEADER = YES;
				CLANG_WARN_RANGE_LOOP_ANALYSIS = YES;
				CLANG_WARN_STRICT_PROTOTYPES = YES;
				CLANG_WARN_SUSPICIOUS_MOVE = YES;
				CLANG_WARN_UNGUARDED_AVAILABILITY = YES_AGGRESSIVE;
				CLANG_WARN_UNREACHABLE_CODE = YES;
				CLANG_WARN__DUPLICATE_METHOD_MATCH = YES;
				COPY_PHASE_STRIP = NO;
				DEBUG_INFORMATION_FORMAT = dwarf;
				ENABLE_STRICT_OBJC_MSGSEND = YES;
				ENABLE_TESTABILITY = YES;
				GCC_C_LANGUAGE_STANDARD = gnu11;
				GCC_DYNAMIC_NO_PIC = NO;
				GCC_NO_COMMON_BLOCKS = YES;
				GCC_OPTIMIZATION_LEVEL = 0;
				GCC_PREPROCESSOR_DEFINITIONS = (
					"DEBUG=1",
					"$(inherited)",
				);
				GCC_WARN_64_TO_32_BIT_CONVERSION = YES;
				GCC_WARN_ABOUT_RETURN_TYPE = YES_ERROR;
				GCC_WARN_UNDECLARED_SELECTOR = YES;
				GCC_WARN_UNINITIALIZED_AUTOS = YES_AGGRESSIVE;
				GCC_WARN_UNUSED_FUNCTION = YES;
				GCC_WARN_UNUSED_VARIABLE = YES;
				IPHONEOS_DEPLOYMENT_TARGET = 16.4;
				MTL_ENABLE_DEBUG_INFO = INCLUDE_SOURCE;
				MTL_FAST_MATH = YES;
				ONLY_ACTIVE_ARCH = YES;
				SDKROOT = iphoneos;
				SWIFT_ACTIVE_COMPILATION_CONDITIONS = DEBUG;
				SWIFT_OPTIMIZATION_LEVEL = "-Onone";
			};
			name = Debug;
		};
		B41CA7482AD5BD91005284A4 /* Release */ = {
			isa = XCBuildConfiguration;
			buildSettings = {
				ALWAYS_SEARCH_USER_PATHS = NO;
				CLANG_ANALYZER_NONNULL = YES;
				CLANG_ANALYZER_NUMBER_OBJECT_CONVERSION = YES_AGGRESSIVE;
				CLANG_CXX_LANGUAGE_STANDARD = "gnu++20";
				CLANG_ENABLE_MODULES = YES;
				CLANG_ENABLE_OBJC_ARC = YES;
				CLANG_ENABLE_OBJC_WEAK = YES;
				CLANG_WARN_BLOCK_CAPTURE_AUTORELEASING = YES;
				CLANG_WARN_BOOL_CONVERSION = YES;
				CLANG_WARN_COMMA = YES;
				CLANG_WARN_CONSTANT_CONVERSION = YES;
				CLANG_WARN_DEPRECATED_OBJC_IMPLEMENTATIONS = YES;
				CLANG_WARN_DIRECT_OBJC_ISA_USAGE = YES_ERROR;
				CLANG_WARN_DOCUMENTATION_COMMENTS = YES;
				CLANG_WARN_EMPTY_BODY = YES;
				CLANG_WARN_ENUM_CONVERSION = YES;
				CLANG_WARN_INFINITE_RECURSION = YES;
				CLANG_WARN_INT_CONVERSION = YES;
				CLANG_WARN_NON_LITERAL_NULL_CONVERSION = YES;
				CLANG_WARN_OBJC_IMPLICIT_RETAIN_SELF = YES;
				CLANG_WARN_OBJC_LITERAL_CONVERSION = YES;
				CLANG_WARN_OBJC_ROOT_CLASS = YES_ERROR;
				CLANG_WARN_QUOTED_INCLUDE_IN_FRAMEWORK_HEADER = YES;
				CLANG_WARN_RANGE_LOOP_ANALYSIS = YES;
				CLANG_WARN_STRICT_PROTOTYPES = YES;
				CLANG_WARN_SUSPICIOUS_MOVE = YES;
				CLANG_WARN_UNGUARDED_AVAILABILITY = YES_AGGRESSIVE;
				CLANG_WARN_UNREACHABLE_CODE = YES;
				CLANG_WARN__DUPLICATE_METHOD_MATCH = YES;
				COPY_PHASE_STRIP = NO;
				DEBUG_INFORMATION_FORMAT = "dwarf-with-dsym";
				ENABLE_NS_ASSERTIONS = NO;
				ENABLE_STRICT_OBJC_MSGSEND = YES;
				GCC_C_LANGUAGE_STANDARD = gnu11;
				GCC_NO_COMMON_BLOCKS = YES;
				GCC_WARN_64_TO_32_BIT_CONVERSION = YES;
				GCC_WARN_ABOUT_RETURN_TYPE = YES_ERROR;
				GCC_WARN_UNDECLARED_SELECTOR = YES;
				GCC_WARN_UNINITIALIZED_AUTOS = YES_AGGRESSIVE;
				GCC_WARN_UNUSED_FUNCTION = YES;
				GCC_WARN_UNUSED_VARIABLE = YES;
				IPHONEOS_DEPLOYMENT_TARGET = 16.4;
				MTL_ENABLE_DEBUG_INFO = NO;
				MTL_FAST_MATH = YES;
				SDKROOT = iphoneos;
				SWIFT_COMPILATION_MODE = wholemodule;
				SWIFT_OPTIMIZATION_LEVEL = "-O";
				VALIDATE_PRODUCT = YES;
			};
			name = Release;
		};
		B41CA74A2AD5BD91005284A4 /* Debug */ = {
			isa = XCBuildConfiguration;
			buildSettings = {
				ASSETCATALOG_COMPILER_APPICON_NAME = AppIcon;
				ASSETCATALOG_COMPILER_GLOBAL_ACCENT_COLOR_NAME = AccentColor;
				CODE_SIGN_STYLE = Automatic;
				CURRENT_PROJECT_VERSION = 1;
				DEVELOPMENT_ASSET_PATHS = "\"ProjetoBeloMonte-Swift/Preview Content\"";
				ENABLE_PREVIEWS = YES;
				GENERATE_INFOPLIST_FILE = YES;
				INFOPLIST_KEY_UIApplicationSceneManifest_Generation = YES;
				INFOPLIST_KEY_UIApplicationSupportsIndirectInputEvents = YES;
				INFOPLIST_KEY_UILaunchScreen_Generation = YES;
				INFOPLIST_KEY_UISupportedInterfaceOrientations_iPad = "UIInterfaceOrientationPortrait UIInterfaceOrientationPortraitUpsideDown UIInterfaceOrientationLandscapeLeft UIInterfaceOrientationLandscapeRight";
				INFOPLIST_KEY_UISupportedInterfaceOrientations_iPhone = "UIInterfaceOrientationPortrait UIInterfaceOrientationLandscapeLeft UIInterfaceOrientationLandscapeRight";
				LD_RUNPATH_SEARCH_PATHS = (
					"$(inherited)",
					"@executable_path/Frameworks",
				);
				MARKETING_VERSION = 1.0;
				PRODUCT_BUNDLE_IDENTIFIER = "IBMEC.ProjetoBeloMonte-Swift";
				PRODUCT_NAME = "$(TARGET_NAME)";
				SWIFT_EMIT_LOC_STRINGS = YES;
				SWIFT_VERSION = 5.0;
				TARGETED_DEVICE_FAMILY = "1,2";
			};
			name = Debug;
		};
		B41CA74B2AD5BD91005284A4 /* Release */ = {
			isa = XCBuildConfiguration;
			buildSettings = {
				ASSETCATALOG_COMPILER_APPICON_NAME = AppIcon;
				ASSETCATALOG_COMPILER_GLOBAL_ACCENT_COLOR_NAME = AccentColor;
				CODE_SIGN_STYLE = Automatic;
				CURRENT_PROJECT_VERSION = 1;
				DEVELOPMENT_ASSET_PATHS = "\"ProjetoBeloMonte-Swift/Preview Content\"";
				ENABLE_PREVIEWS = YES;
				GENERATE_INFOPLIST_FILE = YES;
				INFOPLIST_KEY_UIApplicationSceneManifest_Generation = YES;
				INFOPLIST_KEY_UIApplicationSupportsIndirectInputEvents = YES;
				INFOPLIST_KEY_UILaunchScreen_Generation = YES;
				INFOPLIST_KEY_UISupportedInterfaceOrientations_iPad = "UIInterfaceOrientationPortrait UIInterfaceOrientationPortraitUpsideDown UIInterfaceOrientationLandscapeLeft UIInterfaceOrientationLandscapeRight";
				INFOPLIST_KEY_UISupportedInterfaceOrientations_iPhone = "UIInterfaceOrientationPortrait UIInterfaceOrientationLandscapeLeft UIInterfaceOrientationLandscapeRight";
				LD_RUNPATH_SEARCH_PATHS = (
					"$(inherited)",
					"@executable_path/Frameworks",
				);
				MARKETING_VERSION = 1.0;
				PRODUCT_BUNDLE_IDENTIFIER = "IBMEC.ProjetoBeloMonte-Swift";
				PRODUCT_NAME = "$(TARGET_NAME)";
				SWIFT_EMIT_LOC_STRINGS = YES;
				SWIFT_VERSION = 5.0;
				TARGETED_DEVICE_FAMILY = "1,2";
			};
			name = Release;
		};
/* End XCBuildConfiguration section */

/* Begin XCConfigurationList section */
		B41CA7362AD5BD8E005284A4 /* Build configuration list for PBXProject "ProjetoBeloMonte-Swift" */ = {
			isa = XCConfigurationList;
			buildConfigurations = (
				B41CA7472AD5BD91005284A4 /* Debug */,
				B41CA7482AD5BD91005284A4 /* Release */,
			);
			defaultConfigurationIsVisible = 0;
			defaultConfigurationName = Release;
		};
		B41CA7492AD5BD91005284A4 /* Build configuration list for PBXNativeTarget "ProjetoBeloMonte-Swift" */ = {
			isa = XCConfigurationList;
			buildConfigurations = (
				B41CA74A2AD5BD91005284A4 /* Debug */,
				B41CA74B2AD5BD91005284A4 /* Release */,
			);
			defaultConfigurationIsVisible = 0;
			defaultConfigurationName = Release;
		};
/* End XCConfigurationList section */
	};
	rootObject = B41CA7332AD5BD8E005284A4 /* Project object */;
}
